
Microsoft Visual Studio Solution File, Format Version 12.00
# Visual Studio 15
VisualStudioVersion = 15.0.28010.2003
MinimumVisualStudioVersion = 10.0.40219.1
Project("{FAE04EC0-301F-11D3-BF4B-00C04F79EFBC}") = "Meetup", "Meetup\Meetup.csproj", "{89961D5F-292E-445E-9783-C3EE3505A98C}"
EndProject
Global
	GlobalSection(SolutionConfigurationPlatforms) = preSolution
		Debug|Any CPU = Debug|Any CPU
		Release|Any CPU = Release|Any CPU
	EndGlobalSection
	GlobalSection(ProjectConfigurationPlatforms) = postSolution
		{89961D5F-292E-445E-9783-C3EE3505A98C}.Debug|Any CPU.ActiveCfg = Debug|Any CPU
		{89961D5F-292E-445E-9783-C3EE3505A98C}.Debug|Any CPU.Build.0 = Debug|Any CPU
		{89961D5F-292E-445E-9783-C3EE3505A98C}.Release|Any CPU.ActiveCfg = Release|Any CPU
		{89961D5F-292E-445E-9783-C3EE3505A98C}.Release|Any CPU.Build.0 = Release|Any CPU
	EndGlobalSection
	GlobalSection(SolutionProperties) = preSolution
		HideSolutionNode = FALSE
	EndGlobalSection
	GlobalSection(ExtensibilityGlobals) = postSolution
		SolutionGuid = {F4EC92C5-E410-4E9E-A098-9DFC8B7377F2}
	EndGlobalSection
EndGlobal
